
Microsoft Visual Studio Solution File, Format Version 12.00
# Visual Studio Version 17
VisualStudioVersion = 17.2.32516.85
MinimumVisualStudioVersion = 10.0.40219.1
Project("{FAE04EC0-301F-11D3-BF4B-00C04F79EFBC}") = "hello world", "hello world.csproj", "{63A6608E-74C4-43A1-8F75-ED78C7990777}"
EndProject
Global
	GlobalSection(SolutionConfigurationPlatforms) = preSolution
		Debug|Any CPU = Debug|Any CPU
		Release|Any CPU = Release|Any CPU
	EndGlobalSection
	GlobalSection(ProjectConfigurationPlatforms) = postSolution
		{63A6608E-74C4-43A1-8F75-ED78C7990777}.Debug|Any CPU.ActiveCfg = Debug|Any CPU
		{63A6608E-74C4-43A1-8F75-ED78C7990777}.Debug|Any CPU.Build.0 = Debug|Any CPU
		{63A6608E-74C4-43A1-8F75-ED78C7990777}.Release|Any CPU.ActiveCfg = Release|Any CPU
		{63A6608E-74C4-43A1-8F75-ED78C7990777}.Release|Any CPU.Build.0 = Release|Any CPU
	EndGlobalSection
	GlobalSection(SolutionProperties) = preSolution
		HideSolutionNode = FALSE
	EndGlobalSection
	GlobalSection(ExtensibilityGlobals) = postSolution
		SolutionGuid = {DEA4505E-9D2B-49BD-81DD-0BE10513E98C}
	EndGlobalSection
EndGlobal
