
Microsoft Visual Studio Solution File, Format Version 12.00
# Visual Studio Version 17
VisualStudioVersion = 17.2.32516.85
MinimumVisualStudioVersion = 10.0.40219.1
Project("{8BC9CEB8-8B4A-11D0-8D11-00A0C91BC942}") = "practice2.cpp", "practice2.cpp.vcxproj", "{B23E2BE9-18B3-430C-8F94-972674A927C7}"
EndProject
Global
	GlobalSection(SolutionConfigurationPlatforms) = preSolution
		Debug|x64 = Debug|x64
		Debug|x86 = Debug|x86
		Release|x64 = Release|x64
		Release|x86 = Release|x86
	EndGlobalSection
	GlobalSection(ProjectConfigurationPlatforms) = postSolution
		{B23E2BE9-18B3-430C-8F94-972674A927C7}.Debug|x64.ActiveCfg = Debug|x64
		{B23E2BE9-18B3-430C-8F94-972674A927C7}.Debug|x64.Build.0 = Debug|x64
		{B23E2BE9-18B3-430C-8F94-972674A927C7}.Debug|x86.ActiveCfg = Debug|Win32
		{B23E2BE9-18B3-430C-8F94-972674A927C7}.Debug|x86.Build.0 = Debug|Win32
		{B23E2BE9-18B3-430C-8F94-972674A927C7}.Release|x64.ActiveCfg = Release|x64
		{B23E2BE9-18B3-430C-8F94-972674A927C7}.Release|x64.Build.0 = Release|x64
		{B23E2BE9-18B3-430C-8F94-972674A927C7}.Release|x86.ActiveCfg = Release|Win32
		{B23E2BE9-18B3-430C-8F94-972674A927C7}.Release|x86.Build.0 = Release|Win32
	EndGlobalSection
	GlobalSection(SolutionProperties) = preSolution
		HideSolutionNode = FALSE
	EndGlobalSection
	GlobalSection(ExtensibilityGlobals) = postSolution
		SolutionGuid = {227881F0-F605-4681-BD58-098F797274F1}
	EndGlobalSection
EndGlobal
