
Microsoft Visual Studio Solution File, Format Version 12.00
# Visual Studio Version 17
VisualStudioVersion = 17.2.32526.322
MinimumVisualStudioVersion = 10.0.40219.1
Project("{FAE04EC0-301F-11D3-BF4B-00C04F79EFBC}") = "reactangle area", "reactangle area.csproj", "{9208E7DF-D144-4F10-A87D-565AE6D35D12}"
EndProject
Global
	GlobalSection(SolutionConfigurationPlatforms) = preSolution
		Debug|Any CPU = Debug|Any CPU
		Release|Any CPU = Release|Any CPU
	EndGlobalSection
	GlobalSection(ProjectConfigurationPlatforms) = postSolution
		{9208E7DF-D144-4F10-A87D-565AE6D35D12}.Debug|Any CPU.ActiveCfg = Debug|Any CPU
		{9208E7DF-D144-4F10-A87D-565AE6D35D12}.Debug|Any CPU.Build.0 = Debug|Any CPU
		{9208E7DF-D144-4F10-A87D-565AE6D35D12}.Release|Any CPU.ActiveCfg = Release|Any CPU
		{9208E7DF-D144-4F10-A87D-565AE6D35D12}.Release|Any CPU.Build.0 = Release|Any CPU
	EndGlobalSection
	GlobalSection(SolutionProperties) = preSolution
		HideSolutionNode = FALSE
	EndGlobalSection
	GlobalSection(ExtensibilityGlobals) = postSolution
		SolutionGuid = {2D19C73B-1781-401E-BDA3-C0F1E4E22BB6}
	EndGlobalSection
EndGlobal
